
Microsoft Visual Studio Solution File, Format Version 12.00
# Visual Studio Version 16
VisualStudioVersion = 16.0.28803.352
MinimumVisualStudioVersion = 10.0.40219.1
Project("{FAE04EC0-301F-11D3-BF4B-00C04F79EFBC}") = "Vividly", "Vividly\Vividly.csproj", "{0FE2E95A-9773-438D-9520-71942A67985E}"
EndProject
Global
	GlobalSection(SolutionConfigurationPlatforms) = preSolution
		Debug|Any CPU = Debug|Any CPU
		Release|Any CPU = Release|Any CPU
	EndGlobalSection
	GlobalSection(ProjectConfigurationPlatforms) = postSolution
		{0FE2E95A-9773-438D-9520-71942A67985E}.Debug|Any CPU.ActiveCfg = Debug|Any CPU
		{0FE2E95A-9773-438D-9520-71942A67985E}.Debug|Any CPU.Build.0 = Debug|Any CPU
		{0FE2E95A-9773-438D-9520-71942A67985E}.Release|Any CPU.ActiveCfg = Release|Any CPU
		{0FE2E95A-9773-438D-9520-71942A67985E}.Release|Any CPU.Build.0 = Release|Any CPU
	EndGlobalSection
	GlobalSection(SolutionProperties) = preSolution
		HideSolutionNode = FALSE
	EndGlobalSection
	GlobalSection(ExtensibilityGlobals) = postSolution
		SolutionGuid = {AC9BBA6B-6043-425D-8C5D-5F5BADBB8A7C}
	EndGlobalSection
EndGlobal
